
Microsoft Visual Studio Solution File, Format Version 12.00
# Visual Studio Version 16
VisualStudioVersion = 16.0.31624.102
MinimumVisualStudioVersion = 10.0.40219.1
Project("{FAE04EC0-301F-11D3-BF4B-00C04F79EFBC}") = "UDPServerWhileLoop", "UDPServerWhileLoop\UDPServerWhileLoop.csproj", "{2CB02DF1-8174-475C-871B-4B13AAE83970}"
EndProject
Global
	GlobalSection(SolutionConfigurationPlatforms) = preSolution
		Debug|Any CPU = Debug|Any CPU
		Release|Any CPU = Release|Any CPU
	EndGlobalSection
	GlobalSection(ProjectConfigurationPlatforms) = postSolution
		{2CB02DF1-8174-475C-871B-4B13AAE83970}.Debug|Any CPU.ActiveCfg = Debug|Any CPU
		{2CB02DF1-8174-475C-871B-4B13AAE83970}.Debug|Any CPU.Build.0 = Debug|Any CPU
		{2CB02DF1-8174-475C-871B-4B13AAE83970}.Release|Any CPU.ActiveCfg = Release|Any CPU
		{2CB02DF1-8174-475C-871B-4B13AAE83970}.Release|Any CPU.Build.0 = Release|Any CPU
	EndGlobalSection
	GlobalSection(SolutionProperties) = preSolution
		HideSolutionNode = FALSE
	EndGlobalSection
	GlobalSection(ExtensibilityGlobals) = postSolution
		SolutionGuid = {6CF25DEA-0C3B-49C6-9281-FE5F80CF1CB6}
	EndGlobalSection
EndGlobal
